
Microsoft Visual Studio Solution File, Format Version 12.00
# Visual Studio Version 17
VisualStudioVersion = 17.0.32014.148
MinimumVisualStudioVersion = 10.0.40219.1
Project("{9A19103F-16F7-4668-BE54-9A1E7A4F7556}") = "CreditCalculator", "CreditCalculator.csproj", "{AE389028-8702-4B12-9ADA-5E101000BEAF}"
EndProject
Global
	GlobalSection(SolutionConfigurationPlatforms) = preSolution
		Debug|Any CPU = Debug|Any CPU
		Release|Any CPU = Release|Any CPU
	EndGlobalSection
	GlobalSection(ProjectConfigurationPlatforms) = postSolution
		{AE389028-8702-4B12-9ADA-5E101000BEAF}.Debug|Any CPU.ActiveCfg = Debug|Any CPU
		{AE389028-8702-4B12-9ADA-5E101000BEAF}.Debug|Any CPU.Build.0 = Debug|Any CPU
		{AE389028-8702-4B12-9ADA-5E101000BEAF}.Release|Any CPU.ActiveCfg = Release|Any CPU
		{AE389028-8702-4B12-9ADA-5E101000BEAF}.Release|Any CPU.Build.0 = Release|Any CPU
	EndGlobalSection
	GlobalSection(SolutionProperties) = preSolution
		HideSolutionNode = FALSE
	EndGlobalSection
	GlobalSection(ExtensibilityGlobals) = postSolution
		SolutionGuid = {F52580AA-1424-4C8A-83A6-3E1D4C250918}
	EndGlobalSection
EndGlobal
